
Microsoft Visual Studio Solution File, Format Version 12.00
# Visual Studio Version 17
VisualStudioVersion = 17.6.33723.286
MinimumVisualStudioVersion = 10.0.40219.1
Project("{FAE04EC0-301F-11D3-BF4B-00C04F79EFBC}") = "p4g64.expShare", "p4g64.expShare\p4g64.expShare.csproj", "{7A5FFE43-75A7-4CE0-8FEC-18E7CBE9DAE1}"
EndProject
Global
	GlobalSection(SolutionConfigurationPlatforms) = preSolution
		Debug|Any CPU = Debug|Any CPU
		Release|Any CPU = Release|Any CPU
	EndGlobalSection
	GlobalSection(ProjectConfigurationPlatforms) = postSolution
		{7A5FFE43-75A7-4CE0-8FEC-18E7CBE9DAE1}.Debug|Any CPU.ActiveCfg = Debug|Any CPU
		{7A5FFE43-75A7-4CE0-8FEC-18E7CBE9DAE1}.Debug|Any CPU.Build.0 = Debug|Any CPU
		{7A5FFE43-75A7-4CE0-8FEC-18E7CBE9DAE1}.Release|Any CPU.ActiveCfg = Release|Any CPU
		{7A5FFE43-75A7-4CE0-8FEC-18E7CBE9DAE1}.Release|Any CPU.Build.0 = Release|Any CPU
	EndGlobalSection
	GlobalSection(SolutionProperties) = preSolution
		HideSolutionNode = FALSE
	EndGlobalSection
	GlobalSection(ExtensibilityGlobals) = postSolution
		SolutionGuid = {EB38ED96-0E80-4F4C-97F3-16E4E80BC253}
	EndGlobalSection
EndGlobal
